
Microsoft Visual Studio Solution File, Format Version 12.00
# Visual Studio 15
VisualStudioVersion = 15.0.28307.1022
MinimumVisualStudioVersion = 10.0.40219.1
Project("{FAE04EC0-301F-11D3-BF4B-00C04F79EFBC}") = "A", "A.csproj", "{F8C48ADA-D81D-431A-8D75-DC6F04107088}"
EndProject
Global
	GlobalSection(SolutionConfigurationPlatforms) = preSolution
		Debug|Any CPU = Debug|Any CPU
		Release|Any CPU = Release|Any CPU
	EndGlobalSection
	GlobalSection(ProjectConfigurationPlatforms) = postSolution
		{F8C48ADA-D81D-431A-8D75-DC6F04107088}.Debug|Any CPU.ActiveCfg = Debug|Any CPU
		{F8C48ADA-D81D-431A-8D75-DC6F04107088}.Debug|Any CPU.Build.0 = Debug|Any CPU
		{F8C48ADA-D81D-431A-8D75-DC6F04107088}.Release|Any CPU.ActiveCfg = Release|Any CPU
		{F8C48ADA-D81D-431A-8D75-DC6F04107088}.Release|Any CPU.Build.0 = Release|Any CPU
	EndGlobalSection
	GlobalSection(SolutionProperties) = preSolution
		HideSolutionNode = FALSE
	EndGlobalSection
	GlobalSection(ExtensibilityGlobals) = postSolution
		SolutionGuid = {90D9673A-70EB-447A-BC28-9E5684619B85}
	EndGlobalSection
EndGlobal
