
Microsoft Visual Studio Solution File, Format Version 12.00
# Visual Studio 15
VisualStudioVersion = 15.0.28307.1022
MinimumVisualStudioVersion = 10.0.40219.1
Project("{FAE04EC0-301F-11D3-BF4B-00C04F79EFBC}") = "B", "B.csproj", "{673D9C3A-51BB-4C62-8DC3-2BC645D3DCAA}"
EndProject
Global
	GlobalSection(SolutionConfigurationPlatforms) = preSolution
		Debug|Any CPU = Debug|Any CPU
		Release|Any CPU = Release|Any CPU
	EndGlobalSection
	GlobalSection(ProjectConfigurationPlatforms) = postSolution
		{673D9C3A-51BB-4C62-8DC3-2BC645D3DCAA}.Debug|Any CPU.ActiveCfg = Debug|Any CPU
		{673D9C3A-51BB-4C62-8DC3-2BC645D3DCAA}.Debug|Any CPU.Build.0 = Debug|Any CPU
		{673D9C3A-51BB-4C62-8DC3-2BC645D3DCAA}.Release|Any CPU.ActiveCfg = Release|Any CPU
		{673D9C3A-51BB-4C62-8DC3-2BC645D3DCAA}.Release|Any CPU.Build.0 = Release|Any CPU
	EndGlobalSection
	GlobalSection(SolutionProperties) = preSolution
		HideSolutionNode = FALSE
	EndGlobalSection
	GlobalSection(ExtensibilityGlobals) = postSolution
		SolutionGuid = {AE26BFE9-7545-4939-B20D-6428DC93BEA8}
	EndGlobalSection
EndGlobal
