
Microsoft Visual Studio Solution File, Format Version 12.00
# Visual Studio 15
VisualStudioVersion = 15.0.28307.1022
MinimumVisualStudioVersion = 10.0.40219.1
Project("{FAE04EC0-301F-11D3-BF4B-00C04F79EFBC}") = "C", "C.csproj", "{A49B59A0-9C23-45E7-9609-B334D501F66E}"
EndProject
Global
	GlobalSection(SolutionConfigurationPlatforms) = preSolution
		Debug|Any CPU = Debug|Any CPU
		Release|Any CPU = Release|Any CPU
	EndGlobalSection
	GlobalSection(ProjectConfigurationPlatforms) = postSolution
		{A49B59A0-9C23-45E7-9609-B334D501F66E}.Debug|Any CPU.ActiveCfg = Debug|Any CPU
		{A49B59A0-9C23-45E7-9609-B334D501F66E}.Debug|Any CPU.Build.0 = Debug|Any CPU
		{A49B59A0-9C23-45E7-9609-B334D501F66E}.Release|Any CPU.ActiveCfg = Release|Any CPU
		{A49B59A0-9C23-45E7-9609-B334D501F66E}.Release|Any CPU.Build.0 = Release|Any CPU
	EndGlobalSection
	GlobalSection(SolutionProperties) = preSolution
		HideSolutionNode = FALSE
	EndGlobalSection
	GlobalSection(ExtensibilityGlobals) = postSolution
		SolutionGuid = {CF6BEF26-CC8C-4ECF-82B5-E290D57C9CDC}
	EndGlobalSection
EndGlobal
