
Microsoft Visual Studio Solution File, Format Version 12.00
# Visual Studio Version 16
VisualStudioVersion = 16.0.29926.136
MinimumVisualStudioVersion = 10.0.40219.1
Project("{FAE04EC0-301F-11D3-BF4B-00C04F79EFBC}") = "D", "D\D.csproj", "{E110D7DF-88BC-4F9C-BAE6-13C697F05634}"
EndProject
Global
	GlobalSection(SolutionConfigurationPlatforms) = preSolution
		Debug|Any CPU = Debug|Any CPU
		Release|Any CPU = Release|Any CPU
	EndGlobalSection
	GlobalSection(ProjectConfigurationPlatforms) = postSolution
		{E110D7DF-88BC-4F9C-BAE6-13C697F05634}.Debug|Any CPU.ActiveCfg = Debug|Any CPU
		{E110D7DF-88BC-4F9C-BAE6-13C697F05634}.Debug|Any CPU.Build.0 = Debug|Any CPU
		{E110D7DF-88BC-4F9C-BAE6-13C697F05634}.Release|Any CPU.ActiveCfg = Release|Any CPU
		{E110D7DF-88BC-4F9C-BAE6-13C697F05634}.Release|Any CPU.Build.0 = Release|Any CPU
	EndGlobalSection
	GlobalSection(SolutionProperties) = preSolution
		HideSolutionNode = FALSE
	EndGlobalSection
	GlobalSection(ExtensibilityGlobals) = postSolution
		SolutionGuid = {26E7BCD5-A585-4889-845F-A03F76930F88}
	EndGlobalSection
EndGlobal
