
Microsoft Visual Studio Solution File, Format Version 12.00
# Visual Studio 15
VisualStudioVersion = 15.0.28307.1022
MinimumVisualStudioVersion = 10.0.40219.1
Project("{FAE04EC0-301F-11D3-BF4B-00C04F79EFBC}") = "B", "B.csproj", "{1245D42D-312C-4FB2-9219-938FDBB168BD}"
EndProject
Global
	GlobalSection(SolutionConfigurationPlatforms) = preSolution
		Debug|Any CPU = Debug|Any CPU
		Release|Any CPU = Release|Any CPU
	EndGlobalSection
	GlobalSection(ProjectConfigurationPlatforms) = postSolution
		{1245D42D-312C-4FB2-9219-938FDBB168BD}.Debug|Any CPU.ActiveCfg = Debug|Any CPU
		{1245D42D-312C-4FB2-9219-938FDBB168BD}.Debug|Any CPU.Build.0 = Debug|Any CPU
		{1245D42D-312C-4FB2-9219-938FDBB168BD}.Release|Any CPU.ActiveCfg = Release|Any CPU
		{1245D42D-312C-4FB2-9219-938FDBB168BD}.Release|Any CPU.Build.0 = Release|Any CPU
	EndGlobalSection
	GlobalSection(SolutionProperties) = preSolution
		HideSolutionNode = FALSE
	EndGlobalSection
	GlobalSection(ExtensibilityGlobals) = postSolution
		SolutionGuid = {BB029D8C-9053-459E-A2D6-360AD33B1C71}
	EndGlobalSection
EndGlobal
