
Microsoft Visual Studio Solution File, Format Version 12.00
# Visual Studio Version 16
VisualStudioVersion = 16.0.29926.136
MinimumVisualStudioVersion = 10.0.40219.1
Project("{FAE04EC0-301F-11D3-BF4B-00C04F79EFBC}") = "A", "A\A.csproj", "{EB4D5A34-CF0A-4638-8856-3256AB973A49}"
EndProject
Global
	GlobalSection(SolutionConfigurationPlatforms) = preSolution
		Debug|Any CPU = Debug|Any CPU
		Release|Any CPU = Release|Any CPU
	EndGlobalSection
	GlobalSection(ProjectConfigurationPlatforms) = postSolution
		{EB4D5A34-CF0A-4638-8856-3256AB973A49}.Debug|Any CPU.ActiveCfg = Debug|Any CPU
		{EB4D5A34-CF0A-4638-8856-3256AB973A49}.Debug|Any CPU.Build.0 = Debug|Any CPU
		{EB4D5A34-CF0A-4638-8856-3256AB973A49}.Release|Any CPU.ActiveCfg = Release|Any CPU
		{EB4D5A34-CF0A-4638-8856-3256AB973A49}.Release|Any CPU.Build.0 = Release|Any CPU
	EndGlobalSection
	GlobalSection(SolutionProperties) = preSolution
		HideSolutionNode = FALSE
	EndGlobalSection
	GlobalSection(ExtensibilityGlobals) = postSolution
		SolutionGuid = {1BF3E108-4141-4DE7-A9E6-5EE4E779A6BC}
	EndGlobalSection
EndGlobal
