
Microsoft Visual Studio Solution File, Format Version 12.00
# Visual Studio Version 16
VisualStudioVersion = 16.0.30011.22
MinimumVisualStudioVersion = 10.0.40219.1
Project("{FAE04EC0-301F-11D3-BF4B-00C04F79EFBC}") = "C", "C\C.csproj", "{679F256A-67DD-445C-AA5C-D0767A7A6515}"
EndProject
Global
	GlobalSection(SolutionConfigurationPlatforms) = preSolution
		Debug|Any CPU = Debug|Any CPU
		Release|Any CPU = Release|Any CPU
	EndGlobalSection
	GlobalSection(ProjectConfigurationPlatforms) = postSolution
		{679F256A-67DD-445C-AA5C-D0767A7A6515}.Debug|Any CPU.ActiveCfg = Debug|Any CPU
		{679F256A-67DD-445C-AA5C-D0767A7A6515}.Debug|Any CPU.Build.0 = Debug|Any CPU
		{679F256A-67DD-445C-AA5C-D0767A7A6515}.Release|Any CPU.ActiveCfg = Release|Any CPU
		{679F256A-67DD-445C-AA5C-D0767A7A6515}.Release|Any CPU.Build.0 = Release|Any CPU
	EndGlobalSection
	GlobalSection(SolutionProperties) = preSolution
		HideSolutionNode = FALSE
	EndGlobalSection
	GlobalSection(ExtensibilityGlobals) = postSolution
		SolutionGuid = {D0486715-C67F-421B-A153-C1DDF5C8BFE6}
	EndGlobalSection
EndGlobal
