
Microsoft Visual Studio Solution File, Format Version 12.00
# Visual Studio Version 16
VisualStudioVersion = 16.0.30011.22
MinimumVisualStudioVersion = 10.0.40219.1
Project("{FAE04EC0-301F-11D3-BF4B-00C04F79EFBC}") = "D", "D\D.csproj", "{1695136C-CAB3-4791-9CD2-BF6156E8F93D}"
EndProject
Global
	GlobalSection(SolutionConfigurationPlatforms) = preSolution
		Debug|Any CPU = Debug|Any CPU
		Release|Any CPU = Release|Any CPU
	EndGlobalSection
	GlobalSection(ProjectConfigurationPlatforms) = postSolution
		{1695136C-CAB3-4791-9CD2-BF6156E8F93D}.Debug|Any CPU.ActiveCfg = Debug|Any CPU
		{1695136C-CAB3-4791-9CD2-BF6156E8F93D}.Debug|Any CPU.Build.0 = Debug|Any CPU
		{1695136C-CAB3-4791-9CD2-BF6156E8F93D}.Release|Any CPU.ActiveCfg = Release|Any CPU
		{1695136C-CAB3-4791-9CD2-BF6156E8F93D}.Release|Any CPU.Build.0 = Release|Any CPU
	EndGlobalSection
	GlobalSection(SolutionProperties) = preSolution
		HideSolutionNode = FALSE
	EndGlobalSection
	GlobalSection(ExtensibilityGlobals) = postSolution
		SolutionGuid = {3A5F48E2-95DF-4A75-A237-CA2ADD91A4BD}
	EndGlobalSection
EndGlobal
