
Microsoft Visual Studio Solution File, Format Version 12.00
# Visual Studio 15
VisualStudioVersion = 15.0.28307.1022
MinimumVisualStudioVersion = 10.0.40219.1
Project("{FAE04EC0-301F-11D3-BF4B-00C04F79EFBC}") = "D", "D.csproj", "{ACCBA024-F30C-4444-A03A-D771D9C9C00D}"
EndProject
Global
	GlobalSection(SolutionConfigurationPlatforms) = preSolution
		Debug|Any CPU = Debug|Any CPU
		Release|Any CPU = Release|Any CPU
	EndGlobalSection
	GlobalSection(ProjectConfigurationPlatforms) = postSolution
		{ACCBA024-F30C-4444-A03A-D771D9C9C00D}.Debug|Any CPU.ActiveCfg = Debug|Any CPU
		{ACCBA024-F30C-4444-A03A-D771D9C9C00D}.Debug|Any CPU.Build.0 = Debug|Any CPU
		{ACCBA024-F30C-4444-A03A-D771D9C9C00D}.Release|Any CPU.ActiveCfg = Release|Any CPU
		{ACCBA024-F30C-4444-A03A-D771D9C9C00D}.Release|Any CPU.Build.0 = Release|Any CPU
	EndGlobalSection
	GlobalSection(SolutionProperties) = preSolution
		HideSolutionNode = FALSE
	EndGlobalSection
	GlobalSection(ExtensibilityGlobals) = postSolution
		SolutionGuid = {77AD2D5E-DF94-439C-9ECA-95638C7D2A20}
	EndGlobalSection
EndGlobal
