
Microsoft Visual Studio Solution File, Format Version 12.00
# Visual Studio Version 16
VisualStudioVersion = 16.0.29926.136
MinimumVisualStudioVersion = 10.0.40219.1
Project("{FAE04EC0-301F-11D3-BF4B-00C04F79EFBC}") = "B", "B\B.csproj", "{8EE25A6E-A73F-498E-A251-E9E139049A6D}"
EndProject
Global
	GlobalSection(SolutionConfigurationPlatforms) = preSolution
		Debug|Any CPU = Debug|Any CPU
		Release|Any CPU = Release|Any CPU
	EndGlobalSection
	GlobalSection(ProjectConfigurationPlatforms) = postSolution
		{8EE25A6E-A73F-498E-A251-E9E139049A6D}.Debug|Any CPU.ActiveCfg = Debug|Any CPU
		{8EE25A6E-A73F-498E-A251-E9E139049A6D}.Debug|Any CPU.Build.0 = Debug|Any CPU
		{8EE25A6E-A73F-498E-A251-E9E139049A6D}.Release|Any CPU.ActiveCfg = Release|Any CPU
		{8EE25A6E-A73F-498E-A251-E9E139049A6D}.Release|Any CPU.Build.0 = Release|Any CPU
	EndGlobalSection
	GlobalSection(SolutionProperties) = preSolution
		HideSolutionNode = FALSE
	EndGlobalSection
	GlobalSection(ExtensibilityGlobals) = postSolution
		SolutionGuid = {F72A52C2-3188-43F9-B6EA-B493CFE4958A}
	EndGlobalSection
EndGlobal
